
Microsoft Visual Studio Solution File, Format Version 12.00
# Visual Studio Version 17
VisualStudioVersion = 17.8.34511.84
MinimumVisualStudioVersion = 10.0.40219.1
Project("{2150E333-8FDC-42A3-9474-1A3956D46DE8}") = "Frontends", "Frontends", "{121BDBD0-766A-4DBE-9A11-731BEACA005C}"
EndProject
Project("{2150E333-8FDC-42A3-9474-1A3956D46DE8}") = "IdentityServer", "IdentityServer", "{71993900-8A42-4A52-907D-82C2124B03D7}"
EndProject
Project("{2150E333-8FDC-42A3-9474-1A3956D46DE8}") = "Services", "Services", "{4EB4DCB8-6C30-47AA-A389-36B67FBD57A9}"
EndProject
Project("{2150E333-8FDC-42A3-9474-1A3956D46DE8}") = "Requirements", "Requirements", "{8810C70C-B03A-4FEB-8ADB-13D16CCAB63C}"
EndProject
Project("{2150E333-8FDC-42A3-9474-1A3956D46DE8}") = "Catalog", "Catalog", "{58A448E0-0D43-4C90-A826-A9D8777708AA}"
EndProject
Project("{9A19103F-16F7-4668-BE54-9A1E7A4F7556}") = "MyAkademi_TakeAway.Catalog", "Services\Catalog\MyAkademi_TakeAway.Catalog\MyAkademi_TakeAway.Catalog.csproj", "{0005CEB7-CED3-4FE8-A2D9-0534E0C21FDF}"
EndProject
Project("{2150E333-8FDC-42A3-9474-1A3956D46DE8}") = "Discount", "Discount", "{23444190-F859-426D-89D4-3ED2BD30635C}"
EndProject
Project("{9A19103F-16F7-4668-BE54-9A1E7A4F7556}") = "MyAkademi_TakeAway.Discount", "Services\Discount\MyAkademi_TakeAway.Discount\MyAkademi_TakeAway.Discount.csproj", "{C9B1415F-C4D2-440F-9121-F2D012573C31}"
EndProject
Project("{2150E333-8FDC-42A3-9474-1A3956D46DE8}") = "Order", "Order", "{F7FF1059-7469-4EA3-88C3-C05BFB74F59B}"
EndProject
Project("{2150E333-8FDC-42A3-9474-1A3956D46DE8}") = "Core", "Core", "{42154967-4839-4CC9-BB0F-015CE10D2511}"
EndProject
Project("{2150E333-8FDC-42A3-9474-1A3956D46DE8}") = "Infrastructure", "Infrastructure", "{B5C9E320-377F-45C7-A1F3-37438CC63F22}"
EndProject
Project("{2150E333-8FDC-42A3-9474-1A3956D46DE8}") = "Presentation", "Presentation", "{0F6D7487-DD3C-4E10-BFFA-AF2943E7BD3A}"
EndProject
Project("{9A19103F-16F7-4668-BE54-9A1E7A4F7556}") = "MyAkademi_TakeAway.Application", "Services\Order\Core\MyAkademi_TakeAway.Application\MyAkademi_TakeAway.Application.csproj", "{231F6C15-FA02-4047-A321-F87F59D878A7}"
EndProject
Project("{9A19103F-16F7-4668-BE54-9A1E7A4F7556}") = "MyAkademi_TakeAway.Domain", "Services\Order\Core\MyAkademi_TakeAway.Domain\MyAkademi_TakeAway.Domain.csproj", "{FAC5C5C9-28A9-4330-B0BD-6F73B136D31B}"
EndProject
Project("{9A19103F-16F7-4668-BE54-9A1E7A4F7556}") = "MyAkademi_TakeAway.Persistence", "Services\Order\Infrastructure\MyAkademi_TakeAway.Persistence\MyAkademi_TakeAway.Persistence.csproj", "{A50FD82E-201F-43CE-9B86-D9DB6BBC0636}"
EndProject
Project("{9A19103F-16F7-4668-BE54-9A1E7A4F7556}") = "MyAkademi_TakeAway.OrderApi", "Services\Order\Presentation\MyAkademi_TakeAway.OrderApi\MyAkademi_TakeAway.OrderApi.csproj", "{EE736E21-1B5F-4CDE-95C5-ADC79C1042DD}"
EndProject
Project("{9A19103F-16F7-4668-BE54-9A1E7A4F7556}") = "MyAkademiTakeAway.IdentityServer", "IdentityServer\MyAkademiTakeAway.IdentityServer\MyAkademiTakeAway.IdentityServer.csproj", "{3AFE777A-03FE-4C21-8DA3-4CFBBD547451}"
EndProject
Project("{2150E333-8FDC-42A3-9474-1A3956D46DE8}") = "Basket", "Basket", "{3A418937-ED4F-4E11-89A4-0FC2BD7D04E0}"
EndProject
Project("{FAE04EC0-301F-11D3-BF4B-00C04F79EFBC}") = "MyAkademi_TakeAway.Basket", "Services\Basket\MyAkademi_TakeAway.Basket\MyAkademi_TakeAway.Basket.csproj", "{71F985FF-7743-4129-90E4-AD3233C42EA6}"
EndProject
Project("{2150E333-8FDC-42A3-9474-1A3956D46DE8}") = "Comment", "Comment", "{6C380F60-6174-439C-809D-E68EC4F604B9}"
EndProject
Project("{FAE04EC0-301F-11D3-BF4B-00C04F79EFBC}") = "MyAkademi_TakeAway.Comment", "Services\Comment\MyAkademi_TakeAway.Comment\MyAkademi_TakeAway.Comment.csproj", "{D67A0180-B9DB-4F55-9216-DE19E4BD4D4A}"
EndProject
Global
	GlobalSection(SolutionConfigurationPlatforms) = preSolution
		Debug|Any CPU = Debug|Any CPU
		Release|Any CPU = Release|Any CPU
	EndGlobalSection
	GlobalSection(ProjectConfigurationPlatforms) = postSolution
		{0005CEB7-CED3-4FE8-A2D9-0534E0C21FDF}.Debug|Any CPU.ActiveCfg = Debug|Any CPU
		{0005CEB7-CED3-4FE8-A2D9-0534E0C21FDF}.Debug|Any CPU.Build.0 = Debug|Any CPU
		{0005CEB7-CED3-4FE8-A2D9-0534E0C21FDF}.Release|Any CPU.ActiveCfg = Release|Any CPU
		{0005CEB7-CED3-4FE8-A2D9-0534E0C21FDF}.Release|Any CPU.Build.0 = Release|Any CPU
		{C9B1415F-C4D2-440F-9121-F2D012573C31}.Debug|Any CPU.ActiveCfg = Debug|Any CPU
		{C9B1415F-C4D2-440F-9121-F2D012573C31}.Debug|Any CPU.Build.0 = Debug|Any CPU
		{C9B1415F-C4D2-440F-9121-F2D012573C31}.Release|Any CPU.ActiveCfg = Release|Any CPU
		{C9B1415F-C4D2-440F-9121-F2D012573C31}.Release|Any CPU.Build.0 = Release|Any CPU
		{231F6C15-FA02-4047-A321-F87F59D878A7}.Debug|Any CPU.ActiveCfg = Debug|Any CPU
		{231F6C15-FA02-4047-A321-F87F59D878A7}.Debug|Any CPU.Build.0 = Debug|Any CPU
		{231F6C15-FA02-4047-A321-F87F59D878A7}.Release|Any CPU.ActiveCfg = Release|Any CPU
		{231F6C15-FA02-4047-A321-F87F59D878A7}.Release|Any CPU.Build.0 = Release|Any CPU
		{FAC5C5C9-28A9-4330-B0BD-6F73B136D31B}.Debug|Any CPU.ActiveCfg = Debug|Any CPU
		{FAC5C5C9-28A9-4330-B0BD-6F73B136D31B}.Debug|Any CPU.Build.0 = Debug|Any CPU
		{FAC5C5C9-28A9-4330-B0BD-6F73B136D31B}.Release|Any CPU.ActiveCfg = Release|Any CPU
		{FAC5C5C9-28A9-4330-B0BD-6F73B136D31B}.Release|Any CPU.Build.0 = Release|Any CPU
		{A50FD82E-201F-43CE-9B86-D9DB6BBC0636}.Debug|Any CPU.ActiveCfg = Debug|Any CPU
		{A50FD82E-201F-43CE-9B86-D9DB6BBC0636}.Debug|Any CPU.Build.0 = Debug|Any CPU
		{A50FD82E-201F-43CE-9B86-D9DB6BBC0636}.Release|Any CPU.ActiveCfg = Release|Any CPU
		{A50FD82E-201F-43CE-9B86-D9DB6BBC0636}.Release|Any CPU.Build.0 = Release|Any CPU
		{EE736E21-1B5F-4CDE-95C5-ADC79C1042DD}.Debug|Any CPU.ActiveCfg = Debug|Any CPU
		{EE736E21-1B5F-4CDE-95C5-ADC79C1042DD}.Debug|Any CPU.Build.0 = Debug|Any CPU
		{EE736E21-1B5F-4CDE-95C5-ADC79C1042DD}.Release|Any CPU.ActiveCfg = Release|Any CPU
		{EE736E21-1B5F-4CDE-95C5-ADC79C1042DD}.Release|Any CPU.Build.0 = Release|Any CPU
		{3AFE777A-03FE-4C21-8DA3-4CFBBD547451}.Debug|Any CPU.ActiveCfg = Debug|Any CPU
		{3AFE777A-03FE-4C21-8DA3-4CFBBD547451}.Debug|Any CPU.Build.0 = Debug|Any CPU
		{3AFE777A-03FE-4C21-8DA3-4CFBBD547451}.Release|Any CPU.ActiveCfg = Release|Any CPU
		{3AFE777A-03FE-4C21-8DA3-4CFBBD547451}.Release|Any CPU.Build.0 = Release|Any CPU
		{71F985FF-7743-4129-90E4-AD3233C42EA6}.Debug|Any CPU.ActiveCfg = Debug|Any CPU
		{71F985FF-7743-4129-90E4-AD3233C42EA6}.Debug|Any CPU.Build.0 = Debug|Any CPU
		{71F985FF-7743-4129-90E4-AD3233C42EA6}.Release|Any CPU.ActiveCfg = Release|Any CPU
		{71F985FF-7743-4129-90E4-AD3233C42EA6}.Release|Any CPU.Build.0 = Release|Any CPU
		{D67A0180-B9DB-4F55-9216-DE19E4BD4D4A}.Debug|Any CPU.ActiveCfg = Debug|Any CPU
		{D67A0180-B9DB-4F55-9216-DE19E4BD4D4A}.Debug|Any CPU.Build.0 = Debug|Any CPU
		{D67A0180-B9DB-4F55-9216-DE19E4BD4D4A}.Release|Any CPU.ActiveCfg = Release|Any CPU
		{D67A0180-B9DB-4F55-9216-DE19E4BD4D4A}.Release|Any CPU.Build.0 = Release|Any CPU
	EndGlobalSection
	GlobalSection(SolutionProperties) = preSolution
		HideSolutionNode = FALSE
	EndGlobalSection
	GlobalSection(NestedProjects) = preSolution
		{58A448E0-0D43-4C90-A826-A9D8777708AA} = {4EB4DCB8-6C30-47AA-A389-36B67FBD57A9}
		{0005CEB7-CED3-4FE8-A2D9-0534E0C21FDF} = {58A448E0-0D43-4C90-A826-A9D8777708AA}
		{23444190-F859-426D-89D4-3ED2BD30635C} = {4EB4DCB8-6C30-47AA-A389-36B67FBD57A9}
		{C9B1415F-C4D2-440F-9121-F2D012573C31} = {23444190-F859-426D-89D4-3ED2BD30635C}
		{F7FF1059-7469-4EA3-88C3-C05BFB74F59B} = {4EB4DCB8-6C30-47AA-A389-36B67FBD57A9}
		{42154967-4839-4CC9-BB0F-015CE10D2511} = {F7FF1059-7469-4EA3-88C3-C05BFB74F59B}
		{B5C9E320-377F-45C7-A1F3-37438CC63F22} = {F7FF1059-7469-4EA3-88C3-C05BFB74F59B}
		{0F6D7487-DD3C-4E10-BFFA-AF2943E7BD3A} = {F7FF1059-7469-4EA3-88C3-C05BFB74F59B}
		{231F6C15-FA02-4047-A321-F87F59D878A7} = {42154967-4839-4CC9-BB0F-015CE10D2511}
		{FAC5C5C9-28A9-4330-B0BD-6F73B136D31B} = {42154967-4839-4CC9-BB0F-015CE10D2511}
		{A50FD82E-201F-43CE-9B86-D9DB6BBC0636} = {B5C9E320-377F-45C7-A1F3-37438CC63F22}
		{EE736E21-1B5F-4CDE-95C5-ADC79C1042DD} = {0F6D7487-DD3C-4E10-BFFA-AF2943E7BD3A}
		{3AFE777A-03FE-4C21-8DA3-4CFBBD547451} = {71993900-8A42-4A52-907D-82C2124B03D7}
		{3A418937-ED4F-4E11-89A4-0FC2BD7D04E0} = {4EB4DCB8-6C30-47AA-A389-36B67FBD57A9}
		{71F985FF-7743-4129-90E4-AD3233C42EA6} = {3A418937-ED4F-4E11-89A4-0FC2BD7D04E0}
		{6C380F60-6174-439C-809D-E68EC4F604B9} = {4EB4DCB8-6C30-47AA-A389-36B67FBD57A9}
		{D67A0180-B9DB-4F55-9216-DE19E4BD4D4A} = {6C380F60-6174-439C-809D-E68EC4F604B9}
	EndGlobalSection
	GlobalSection(ExtensibilityGlobals) = postSolution
		SolutionGuid = {E64C32EA-31C7-4D54-B815-7763398DA5D9}
	EndGlobalSection
EndGlobal
